{
  "version": 4,
  "terraform_version": "1.6.2",
  "serial": 9,
  "lineage": "73a80e4b-18bb-6ddc-586e-282385f9cf0a",
  "outputs": {},
  "resources": [
    {
      "mode": "managed",
      "type": "aws_instance",
      "name": "terra-ins",
      "provider": "provider[\"registry.terraform.io/hashicorp/aws\"]",
      "instances": [
        {
          "schema_version": 1,
          "attributes": {
            "ami": "ami-01bc990364452ab3e",
            "arn": "arn:aws:ec2:us-east-1:089233774516:instance/i-03a7bc0801d9629e6",
            "associate_public_ip_address": true,
            "availability_zone": "us-east-1a",
            "capacity_reservation_specification": [
              {
                "capacity_reservation_preference": "open",
                "capacity_reservation_target": []
              }
            ],
            "cpu_core_count": 1,
            "cpu_options": [
              {
                "amd_sev_snp": "",
                "core_count": 1,
                "threads_per_core": 1
              }
            ],
            "cpu_threads_per_core": 1,
            "credit_specification": [
              {
                "cpu_credits": "standard"
              }
            ],
            "disable_api_stop": false,
            "disable_api_termination": false,
            "ebs_block_device": [],
            "ebs_optimized": false,
            "enclave_options": [
              {
                "enabled": false
              }
            ],
            "ephemeral_block_device": [],
            "get_password_data": false,
            "hibernation": false,
            "host_id": "",
            "host_resource_group_arn": null,
            "iam_instance_profile": "",
            "id": "i-03a7bc0801d9629e6",
            "instance_initiated_shutdown_behavior": "stop",
            "instance_lifecycle": "",
            "instance_market_options": [],
            "instance_state": "running",
            "instance_type": "t2.micro",
            "ipv6_address_count": 0,
            "ipv6_addresses": [],
            "key_name": "terrakey",
            "launch_template": [],
            "maintenance_options": [
              {
                "auto_recovery": "default"
              }
            ],
            "metadata_options": [
              {
                "http_endpoint": "enabled",
                "http_protocol_ipv6": "disabled",
                "http_put_response_hop_limit": 2,
                "http_tokens": "required",
                "instance_metadata_tags": "disabled"
              }
            ],
            "monitoring": false,
            "network_interface": [],
            "outpost_arn": "",
            "password_data": "",
            "placement_group": "",
            "placement_partition_number": 0,
            "primary_network_interface_id": "eni-0515b028ad59ada3c",
            "private_dns": "ip-172-31-26-227.ec2.internal",
            "private_dns_name_options": [
              {
                "enable_resource_name_dns_a_record": false,
                "enable_resource_name_dns_aaaa_record": false,
                "hostname_type": "ip-name"
              }
            ],
            "private_ip": "172.31.26.227",
            "public_dns": "ec2-18-215-164-220.compute-1.amazonaws.com",
            "public_ip": "18.215.164.220",
            "root_block_device": [
              {
                "delete_on_termination": true,
                "device_name": "/dev/xvda",
                "encrypted": false,
                "iops": 3000,
                "kms_key_id": "",
                "tags": {},
                "throughput": 125,
                "volume_id": "vol-030e9ee2760d134da",
                "volume_size": 8,
                "volume_type": "gp3"
              }
            ],
            "secondary_private_ips": [],
            "security_groups": [
              "terra-sg"
            ],
            "source_dest_check": true,
            "spot_instance_request_id": "",
            "subnet_id": "subnet-0e0f5472c81bca871",
            "tags": {
              "Name": "Terra-Instance",
              "Project": "Terra"
            },
            "tags_all": {
              "Name": "Terra-Instance",
              "Project": "Terra"
            },
            "tenancy": "default",
            "timeouts": null,
            "user_data": null,
            "user_data_base64": null,
            "user_data_replace_on_change": false,
            "volume_tags": null,
            "vpc_security_group_ids": [
              "sg-0a053ba426342b171"
            ]
          },
          "sensitive_attributes": [],
          "private": "eyJlMmJmYjczMC1lY2FhLTExZTYtOGY4OC0zNDM2M2JjN2M0YzAiOnsiY3JlYXRlIjo2MDAwMDAwMDAwMDAsImRlbGV0ZSI6MTIwMDAwMDAwMDAwMCwidXBkYXRlIjo2MDAwMDAwMDAwMDB9LCJzY2hlbWFfdmVyc2lvbiI6IjEifQ==",
          "dependencies": [
            "aws_key_pair.terra-key"
          ]
        }
      ]
    },
    {
      "mode": "managed",
      "type": "aws_key_pair",
      "name": "terra-key",
      "provider": "provider[\"registry.terraform.io/hashicorp/aws\"]",
      "instances": [
        {
          "schema_version": 1,
          "attributes": {
            "arn": "arn:aws:ec2:us-east-1:089233774516:key-pair/terrakey",
            "fingerprint": "fe:fd:b7:eb:ab:8e:68:ef:6f:96:98:71:1e:3e:19:0c",
            "id": "terrakey",
            "key_name": "terrakey",
            "key_name_prefix": "",
            "key_pair_id": "key-0d02562cf2585440d",
            "key_type": "rsa",
            "public_key": "ssh-rsa AAAAB3NzaC1yc2EAAAADAQABAAABgQDv1OBxLVYqLuMuLKHAzzzRBaUDB7PbSPNn0WwomKnqt6z9hui8d6iJHq3GGjIPxE07DDaXPu8ERiib+ElnOUyKHc1TsDlyxINuT3kF0Pt9wBsqaPoC4/Eu4t+8QnPGYvQjnp2WmB6j+6GuBSebALvciFqkhZe18iPEWU+Xw/mWwv9IUimtFGPVuja5/cqgmcoMTedYsS0jmeRWVPynVILptHLdrjBK8SQUWGfUQGz8GodYeX2VRsgIYLNaXBTDYjCVhuOK/uY7g4YS7dQ91DhN19XKT/GpkDo8/j61NQ2AC/A5+zdMPMBHUTltycv70qAmx6erJpNDRdS01bDk4OkF/kI9k0q2Va7BI/WMD7hIDnm02QQD0J3p3xrfy4LJJdAQe4wPF8echb+CE2oi4J3lvzMJTZakVZ0d2pmB3KnqZ6vMGPK4kcucI/8JqDZsjneuH6ygNWILMXgyfxmMg/io00Y4ZOPE3EaUV32ooebHhGNEJMwtrJZcB2vj4NyfVtE= satyadhal@SPD-ASUS-2023",
            "tags": null,
            "tags_all": {}
          },
          "sensitive_attributes": [],
          "private": "eyJzY2hlbWFfdmVyc2lvbiI6IjEifQ=="
        }
      ]
    }
  ],
  "check_results": null
}
